// !$*UTF8*$!
{
	archiveVersion = 1;
	classes = {
	};
	objectVersion = 56;
	objects = {

/* Begin PBXBuildFile section */
		8B129EE52BF78DA0005C866A /* AppDelegate.swift in Sources */ = {isa = PBXBuildFile; fileRef = 8B129EE42BF78DA0005C866A /* AppDelegate.swift */; };
		8B129EE72BF78DA0005C866A /* SceneDelegate.swift in Sources */ = {isa = PBXBuildFile; fileRef = 8B129EE62BF78DA0005C866A /* SceneDelegate.swift */; };
		8B129EE92BF78DA0005C866A /* ViewController.swift in Sources */ = {isa = PBXBuildFile; fileRef = 8B129EE82BF78DA0005C866A /* ViewController.swift */; };
		8B129EEC2BF78DA0005C866A /* Base in Resources */ = {isa = PBXBuildFile; fileRef = 8B129EEB2BF78DA0005C866A /* Base */; };
		8B129EEE2BF78DA1005C866A /* Assets.xcassets in Resources */ = {isa = PBXBuildFile; fileRef = 8B129EED2BF78DA1005C866A /* Assets.xcassets */; };
		8B129EF12BF78DA1005C866A /* Base in Resources */ = {isa = PBXBuildFile; fileRef = 8B129EF02BF78DA1005C866A /* Base */; };
		8B129EF92BF7A4CE005C866A /* NewWordViewController.swift in Sources */ = {isa = PBXBuildFile; fileRef = 8B129EF82BF7A4CE005C866A /* NewWordViewController.swift */; };
		8B7A6AE82BF9D374004CA564 /* differentSoultionViewController.swift in Sources */ = {isa = PBXBuildFile; fileRef = 8B7A6AE72BF9D374004CA564 /* differentSoultionViewController.swift */; };
		8B7A6AEA2BFA1051004CA564 /* arraySolutionViewController.swift in Sources */ = {isa = PBXBuildFile; fileRef = 8B7A6AE92BFA1051004CA564 /* arraySolutionViewController.swift */; };
		8B806A2C2C0006F70066ACCC /* ReviewEmotionalDiaryViewController.swift in Sources */ = {isa = PBXBuildFile; fileRef = 8B806A2B2C0006F70066ACCC /* ReviewEmotionalDiaryViewController.swift */; };
		8BF0362D2BFC94FE00C41116 /* BMIViewController.swift in Sources */ = {isa = PBXBuildFile; fileRef = 8BF0362C2BFC94FE00C41116 /* BMIViewController.swift */; };
/* End PBXBuildFile section */

/* Begin PBXFileReference section */
		8B129EE12BF78DA0005C866A /* SeSAC0517Assignment.app */ = {isa = PBXFileReference; explicitFileType = wrapper.application; includeInIndex = 0; path = SeSAC0517Assignment.app; sourceTree = BUILT_PRODUCTS_DIR; };
		8B129EE42BF78DA0005C866A /* AppDelegate.swift */ = {isa = PBXFileReference; lastKnownFileType = sourcecode.swift; path = AppDelegate.swift; sourceTree = "<group>"; };
		8B129EE62BF78DA0005C866A /* SceneDelegate.swift */ = {isa = PBXFileReference; lastKnownFileType = sourcecode.swift; path = SceneDelegate.swift; sourceTree = "<group>"; };
		8B129EE82BF78DA0005C866A /* ViewController.swift */ = {isa = PBXFileReference; lastKnownFileType = sourcecode.swift; path = ViewController.swift; sourceTree = "<group>"; };
		8B129EEB2BF78DA0005C866A /* Base */ = {isa = PBXFileReference; lastKnownFileType = file.storyboard; name = Base; path = Base.lproj/Main.storyboard; sourceTree = "<group>"; };
		8B129EED2BF78DA1005C866A /* Assets.xcassets */ = {isa = PBXFileReference; lastKnownFileType = folder.assetcatalog; path = Assets.xcassets; sourceTree = "<group>"; };
		8B129EF02BF78DA1005C866A /* Base */ = {isa = PBXFileReference; lastKnownFileType = file.storyboard; name = Base; path = Base.lproj/LaunchScreen.storyboard; sourceTree = "<group>"; };
		8B129EF22BF78DA1005C866A /* Info.plist */ = {isa = PBXFileReference; lastKnownFileType = text.plist.xml; path = Info.plist; sourceTree = "<group>"; };
		8B129EF82BF7A4CE005C866A /* NewWordViewController.swift */ = {isa = PBXFileReference; lastKnownFileType = sourcecode.swift; path = NewWordViewController.swift; sourceTree = "<group>"; };
		8B7A6AE72BF9D374004CA564 /* differentSoultionViewController.swift */ = {isa = PBXFileReference; lastKnownFileType = sourcecode.swift; path = differentSoultionViewController.swift; sourceTree = "<group>"; };
		8B7A6AE92BFA1051004CA564 /* arraySolutionViewController.swift */ = {isa = PBXFileReference; lastKnownFileType = sourcecode.swift; path = arraySolutionViewController.swift; sourceTree = "<group>"; };
		8B806A2B2C0006F70066ACCC /* ReviewEmotionalDiaryViewController.swift */ = {isa = PBXFileReference; lastKnownFileType = sourcecode.swift; path = ReviewEmotionalDiaryViewController.swift; sourceTree = "<group>"; };
		8BF0362C2BFC94FE00C41116 /* BMIViewController.swift */ = {isa = PBXFileReference; lastKnownFileType = sourcecode.swift; path = BMIViewController.swift; sourceTree = "<group>"; };
/* End PBXFileReference section */

/* Begin PBXFrameworksBuildPhase section */
		8B129EDE2BF78DA0005C866A /* Frameworks */ = {
			isa = PBXFrameworksBuildPhase;
			buildActionMask = 2147483647;
			files = (
			);
			runOnlyForDeploymentPostprocessing = 0;
		};
/* End PBXFrameworksBuildPhase section */

/* Begin PBXGroup section */
		8B129ED82BF78DA0005C866A = {
			isa = PBXGroup;
			children = (
				8B129EE32BF78DA0005C866A /* SeSAC0517Assignment */,
				8B129EE22BF78DA0005C866A /* Products */,
			);
			sourceTree = "<group>";
		};
		8B129EE22BF78DA0005C866A /* Products */ = {
			isa = PBXGroup;
			children = (
				8B129EE12BF78DA0005C866A /* SeSAC0517Assignment.app */,
			);
			name = Products;
			sourceTree = "<group>";
		};
		8B129EE32BF78DA0005C866A /* SeSAC0517Assignment */ = {
			isa = PBXGroup;
			children = (
				8B7A6AE62BF9D313004CA564 /* pageGroup */,
				8B129EE42BF78DA0005C866A /* AppDelegate.swift */,
				8B129EE62BF78DA0005C866A /* SceneDelegate.swift */,
				8B129EEA2BF78DA0005C866A /* Main.storyboard */,
				8B129EED2BF78DA1005C866A /* Assets.xcassets */,
				8B129EEF2BF78DA1005C866A /* LaunchScreen.storyboard */,
				8B129EF22BF78DA1005C866A /* Info.plist */,
			);
			path = SeSAC0517Assignment;
			sourceTree = "<group>";
		};
		8B7A6AE62BF9D313004CA564 /* pageGroup */ = {
			isa = PBXGroup;
			children = (
				8B129EF82BF7A4CE005C866A /* NewWordViewController.swift */,
				8B129EE82BF78DA0005C866A /* ViewController.swift */,
				8B7A6AE72BF9D374004CA564 /* differentSoultionViewController.swift */,
				8B7A6AE92BFA1051004CA564 /* arraySolutionViewController.swift */,
				8BF0362C2BFC94FE00C41116 /* BMIViewController.swift */,
				8B806A2B2C0006F70066ACCC /* ReviewEmotionalDiaryViewController.swift */,
			);
			path = pageGroup;
			sourceTree = "<group>";
		};
/* End PBXGroup section */

/* Begin PBXNativeTarget section */
		8B129EE02BF78DA0005C866A /* SeSAC0517Assignment */ = {
			isa = PBXNativeTarget;
			buildConfigurationList = 8B129EF52BF78DA1005C866A /* Build configuration list for PBXNativeTarget "SeSAC0517Assignment" */;
			buildPhases = (
				8B129EDD2BF78DA0005C866A /* Sources */,
				8B129EDE2BF78DA0005C866A /* Frameworks */,
				8B129EDF2BF78DA0005C866A /* Resources */,
			);
			buildRules = (
			);
			dependencies = (
			);
			name = SeSAC0517Assignment;
			productName = SeSAC0517Assignment;
			productReference = 8B129EE12BF78DA0005C866A /* SeSAC0517Assignment.app */;
			productType = "com.apple.product-type.application";
		};
/* End PBXNativeTarget section */

/* Begin PBXProject section */
		8B129ED92BF78DA0005C866A /* Project object */ = {
			isa = PBXProject;
			attributes = {
				BuildIndependentTargetsInParallel = 1;
				LastSwiftUpdateCheck = 1540;
				LastUpgradeCheck = 1540;
				TargetAttributes = {
					8B129EE02BF78DA0005C866A = {
						CreatedOnToolsVersion = 15.4;
					};
				};
			};
			buildConfigurationList = 8B129EDC2BF78DA0005C866A /* Build configuration list for PBXProject "SeSAC0517Assignment" */;
			compatibilityVersion = "Xcode 14.0";
			developmentRegion = en;
			hasScannedForEncodings = 0;
			knownRegions = (
				en,
				Base,
			);
			mainGroup = 8B129ED82BF78DA0005C866A;
			productRefGroup = 8B129EE22BF78DA0005C866A /* Products */;
			projectDirPath = "";
			projectRoot = "";
			targets = (
				8B129EE02BF78DA0005C866A /* SeSAC0517Assignment */,
			);
		};
/* End PBXProject section */

/* Begin PBXResourcesBuildPhase section */
		8B129EDF2BF78DA0005C866A /* Resources */ = {
			isa = PBXResourcesBuildPhase;
			buildActionMask = 2147483647;
			files = (
				8B129EEE2BF78DA1005C866A /* Assets.xcassets in Resources */,
				8B129EF12BF78DA1005C866A /* Base in Resources */,
				8B129EEC2BF78DA0005C866A /* Base in Resources */,
			);
			runOnlyForDeploymentPostprocessing = 0;
		};
/* End PBXResourcesBuildPhase section */

/* Begin PBXSourcesBuildPhase section */
		8B129EDD2BF78DA0005C866A /* Sources */ = {
			isa = PBXSourcesBuildPhase;
			buildActionMask = 2147483647;
			files = (
				8B7A6AE82BF9D374004CA564 /* differentSoultionViewController.swift in Sources */,
				8BF0362D2BFC94FE00C41116 /* BMIViewController.swift in Sources */,
				8B129EE92BF78DA0005C866A /* ViewController.swift in Sources */,
				8B129EE52BF78DA0005C866A /* AppDelegate.swift in Sources */,
				8B129EE72BF78DA0005C866A /* SceneDelegate.swift in Sources */,
				8B806A2C2C0006F70066ACCC /* ReviewEmotionalDiaryViewController.swift in Sources */,
				8B129EF92BF7A4CE005C866A /* NewWordViewController.swift in Sources */,
				8B7A6AEA2BFA1051004CA564 /* arraySolutionViewController.swift in Sources */,
			);
			runOnlyForDeploymentPostprocessing = 0;
		};
/* End PBXSourcesBuildPhase section */

/* Begin PBXVariantGroup section */
		8B129EEA2BF78DA0005C866A /* Main.storyboard */ = {
			isa = PBXVariantGroup;
			children = (
				8B129EEB2BF78DA0005C866A /* Base */,
			);
			name = Main.storyboard;
			sourceTree = "<group>";
		};
		8B129EEF2BF78DA1005C866A /* LaunchScreen.storyboard */ = {
			isa = PBXVariantGroup;
			children = (
				8B129EF02BF78DA1005C866A /* Base */,
			);
			name = LaunchScreen.storyboard;
			sourceTree = "<group>";
		};
/* End PBXVariantGroup section */

/* Begin XCBuildConfiguration section */
		8B129EF32BF78DA1005C866A /* Debug */ = {
			isa = XCBuildConfiguration;
			buildSettings = {
				ALWAYS_SEARCH_USER_PATHS = NO;
				ASSETCATALOG_COMPILER_GENERATE_SWIFT_ASSET_SYMBOL_EXTENSIONS = YES;
				CLANG_ANALYZER_NONNULL = YES;
				CLANG_ANALYZER_NUMBER_OBJECT_CONVERSION = YES_AGGRESSIVE;
				CLANG_CXX_LANGUAGE_STANDARD = "gnu++20";
				CLANG_ENABLE_MODULES = YES;
				CLANG_ENABLE_OBJC_ARC = YES;
				CLANG_ENABLE_OBJC_WEAK = YES;
				CLANG_WARN_BLOCK_CAPTURE_AUTORELEASING = YES;
				CLANG_WARN_BOOL_CONVERSION = YES;
				CLANG_WARN_COMMA = YES;
				CLANG_WARN_CONSTANT_CONVERSION = YES;
				CLANG_WARN_DEPRECATED_OBJC_IMPLEMENTATIONS = YES;
				CLANG_WARN_DIRECT_OBJC_ISA_USAGE = YES_ERROR;
				CLANG_WARN_DOCUMENTATION_COMMENTS = YES;
				CLANG_WARN_EMPTY_BODY = YES;
				CLANG_WARN_ENUM_CONVERSION = YES;
				CLANG_WARN_INFINITE_RECURSION = YES;
				CLANG_WARN_INT_CONVERSION = YES;
				CLANG_WARN_NON_LITERAL_NULL_CONVERSION = YES;
				CLANG_WARN_OBJC_IMPLICIT_RETAIN_SELF = YES;
				CLANG_WARN_OBJC_LITERAL_CONVERSION = YES;
				CLANG_WARN_OBJC_ROOT_CLASS = YES_ERROR;
				CLANG_WARN_QUOTED_INCLUDE_IN_FRAMEWORK_HEADER = YES;
				CLANG_WARN_RANGE_LOOP_ANALYSIS = YES;
				CLANG_WARN_STRICT_PROTOTYPES = YES;
				CLANG_WARN_SUSPICIOUS_MOVE = YES;
				CLANG_WARN_UNGUARDED_AVAILABILITY = YES_AGGRESSIVE;
				CLANG_WARN_UNREACHABLE_CODE = YES;
				CLANG_WARN__DUPLICATE_METHOD_MATCH = YES;
				COPY_PHASE_STRIP = NO;
				DEBUG_INFORMATION_FORMAT = dwarf;
				ENABLE_STRICT_OBJC_MSGSEND = YES;
				ENABLE_TESTABILITY = YES;
				ENABLE_USER_SCRIPT_SANDBOXING = YES;
				GCC_C_LANGUAGE_STANDARD = gnu17;
				GCC_DYNAMIC_NO_PIC = NO;
				GCC_NO_COMMON_BLOCKS = YES;
				GCC_OPTIMIZATION_LEVEL = 0;
				GCC_PREPROCESSOR_DEFINITIONS = (
					"DEBUG=1",
					"$(inherited)",
				);
				GCC_WARN_64_TO_32_BIT_CONVERSION = YES;
				GCC_WARN_ABOUT_RETURN_TYPE = YES_ERROR;
				GCC_WARN_UNDECLARED_SELECTOR = YES;
				GCC_WARN_UNINITIALIZED_AUTOS = YES_AGGRESSIVE;
				GCC_WARN_UNUSED_FUNCTION = YES;
				GCC_WARN_UNUSED_VARIABLE = YES;
				IPHONEOS_DEPLOYMENT_TARGET = 17.5;
				LOCALIZATION_PREFERS_STRING_CATALOGS = YES;
				MTL_ENABLE_DEBUG_INFO = INCLUDE_SOURCE;
				MTL_FAST_MATH = YES;
				ONLY_ACTIVE_ARCH = YES;
				SDKROOT = iphoneos;
				SWIFT_ACTIVE_COMPILATION_CONDITIONS = "DEBUG $(inherited)";
				SWIFT_OPTIMIZATION_LEVEL = "-Onone";
			};
			name = Debug;
		};
		8B129EF42BF78DA1005C866A /* Release */ = {
			isa = XCBuildConfiguration;
			buildSettings = {
				ALWAYS_SEARCH_USER_PATHS = NO;
				ASSETCATALOG_COMPILER_GENERATE_SWIFT_ASSET_SYMBOL_EXTENSIONS = YES;
				CLANG_ANALYZER_NONNULL = YES;
				CLANG_ANALYZER_NUMBER_OBJECT_CONVERSION = YES_AGGRESSIVE;
				CLANG_CXX_LANGUAGE_STANDARD = "gnu++20";
				CLANG_ENABLE_MODULES = YES;
				CLANG_ENABLE_OBJC_ARC = YES;
				CLANG_ENABLE_OBJC_WEAK = YES;
				CLANG_WARN_BLOCK_CAPTURE_AUTORELEASING = YES;
				CLANG_WARN_BOOL_CONVERSION = YES;
				CLANG_WARN_COMMA = YES;
				CLANG_WARN_CONSTANT_CONVERSION = YES;
				CLANG_WARN_DEPRECATED_OBJC_IMPLEMENTATIONS = YES;
				CLANG_WARN_DIRECT_OBJC_ISA_USAGE = YES_ERROR;
				CLANG_WARN_DOCUMENTATION_COMMENTS = YES;
				CLANG_WARN_EMPTY_BODY = YES;
				CLANG_WARN_ENUM_CONVERSION = YES;
				CLANG_WARN_INFINITE_RECURSION = YES;
				CLANG_WARN_INT_CONVERSION = YES;
				CLANG_WARN_NON_LITERAL_NULL_CONVERSION = YES;
				CLANG_WARN_OBJC_IMPLICIT_RETAIN_SELF = YES;
				CLANG_WARN_OBJC_LITERAL_CONVERSION = YES;
				CLANG_WARN_OBJC_ROOT_CLASS = YES_ERROR;
				CLANG_WARN_QUOTED_INCLUDE_IN_FRAMEWORK_HEADER = YES;
				CLANG_WARN_RANGE_LOOP_ANALYSIS = YES;
				CLANG_WARN_STRICT_PROTOTYPES = YES;
				CLANG_WARN_SUSPICIOUS_MOVE = YES;
				CLANG_WARN_UNGUARDED_AVAILABILITY = YES_AGGRESSIVE;
				CLANG_WARN_UNREACHABLE_CODE = YES;
				CLANG_WARN__DUPLICATE_METHOD_MATCH = YES;
				COPY_PHASE_STRIP = NO;
				DEBUG_INFORMATION_FORMAT = "dwarf-with-dsym";
				ENABLE_NS_ASSERTIONS = NO;
				ENABLE_STRICT_OBJC_MSGSEND = YES;
				ENABLE_USER_SCRIPT_SANDBOXING = YES;
				GCC_C_LANGUAGE_STANDARD = gnu17;
				GCC_NO_COMMON_BLOCKS = YES;
				GCC_WARN_64_TO_32_BIT_CONVERSION = YES;
				GCC_WARN_ABOUT_RETURN_TYPE = YES_ERROR;
				GCC_WARN_UNDECLARED_SELECTOR = YES;
				GCC_WARN_UNINITIALIZED_AUTOS = YES_AGGRESSIVE;
				GCC_WARN_UNUSED_FUNCTION = YES;
				GCC_WARN_UNUSED_VARIABLE = YES;
				IPHONEOS_DEPLOYMENT_TARGET = 17.5;
				LOCALIZATION_PREFERS_STRING_CATALOGS = YES;
				MTL_ENABLE_DEBUG_INFO = NO;
				MTL_FAST_MATH = YES;
				SDKROOT = iphoneos;
				SWIFT_COMPILATION_MODE = wholemodule;
				VALIDATE_PRODUCT = YES;
			};
			name = Release;
		};
		8B129EF62BF78DA1005C866A /* Debug */ = {
			isa = XCBuildConfiguration;
			buildSettings = {
				ASSETCATALOG_COMPILER_APPICON_NAME = AppIcon;
				ASSETCATALOG_COMPILER_GLOBAL_ACCENT_COLOR_NAME = AccentColor;
				CODE_SIGN_STYLE = Automatic;
				CURRENT_PROJECT_VERSION = 1;
				GENERATE_INFOPLIST_FILE = YES;
				INFOPLIST_FILE = SeSAC0517Assignment/Info.plist;
				INFOPLIST_KEY_UIApplicationSupportsIndirectInputEvents = YES;
				INFOPLIST_KEY_UILaunchStoryboardName = LaunchScreen;
				INFOPLIST_KEY_UIMainStoryboardFile = Main;
				INFOPLIST_KEY_UISupportedInterfaceOrientations_iPad = "UIInterfaceOrientationPortrait UIInterfaceOrientationPortraitUpsideDown UIInterfaceOrientationLandscapeLeft UIInterfaceOrientationLandscapeRight";
				INFOPLIST_KEY_UISupportedInterfaceOrientations_iPhone = "UIInterfaceOrientationPortrait UIInterfaceOrientationLandscapeLeft UIInterfaceOrientationLandscapeRight";
				LD_RUNPATH_SEARCH_PATHS = (
					"$(inherited)",
					"@executable_path/Frameworks",
				);
				MARKETING_VERSION = 1.0;
				PRODUCT_BUNDLE_IDENTIFIER = com.SeSAC.SeSAC0517Assignment;
				PRODUCT_NAME = "$(TARGET_NAME)";
				SWIFT_EMIT_LOC_STRINGS = YES;
				SWIFT_VERSION = 5.0;
				TARGETED_DEVICE_FAMILY = "1,2";
			};
			name = Debug;
		};
		8B129EF72BF78DA1005C866A /* Release */ = {
			isa = XCBuildConfiguration;
			buildSettings = {
				ASSETCATALOG_COMPILER_APPICON_NAME = AppIcon;
				ASSETCATALOG_COMPILER_GLOBAL_ACCENT_COLOR_NAME = AccentColor;
				CODE_SIGN_STYLE = Automatic;
				CURRENT_PROJECT_VERSION = 1;
				GENERATE_INFOPLIST_FILE = YES;
				INFOPLIST_FILE = SeSAC0517Assignment/Info.plist;
				INFOPLIST_KEY_UIApplicationSupportsIndirectInputEvents = YES;
				INFOPLIST_KEY_UILaunchStoryboardName = LaunchScreen;
				INFOPLIST_KEY_UIMainStoryboardFile = Main;
				INFOPLIST_KEY_UISupportedInterfaceOrientations_iPad = "UIInterfaceOrientationPortrait UIInterfaceOrientationPortraitUpsideDown UIInterfaceOrientationLandscapeLeft UIInterfaceOrientationLandscapeRight";
				INFOPLIST_KEY_UISupportedInterfaceOrientations_iPhone = "UIInterfaceOrientationPortrait UIInterfaceOrientationLandscapeLeft UIInterfaceOrientationLandscapeRight";
				LD_RUNPATH_SEARCH_PATHS = (
					"$(inherited)",
					"@executable_path/Frameworks",
				);
				MARKETING_VERSION = 1.0;
				PRODUCT_BUNDLE_IDENTIFIER = com.SeSAC.SeSAC0517Assignment;
				PRODUCT_NAME = "$(TARGET_NAME)";
				SWIFT_EMIT_LOC_STRINGS = YES;
				SWIFT_VERSION = 5.0;
				TARGETED_DEVICE_FAMILY = "1,2";
			};
			name = Release;
		};
/* End XCBuildConfiguration section */

/* Begin XCConfigurationList section */
		8B129EDC2BF78DA0005C866A /* Build configuration list for PBXProject "SeSAC0517Assignment" */ = {
			isa = XCConfigurationList;
			buildConfigurations = (
				8B129EF32BF78DA1005C866A /* Debug */,
				8B129EF42BF78DA1005C866A /* Release */,
			);
			defaultConfigurationIsVisible = 0;
			defaultConfigurationName = Release;
		};
		8B129EF52BF78DA1005C866A /* Build configuration list for PBXNativeTarget "SeSAC0517Assignment" */ = {
			isa = XCConfigurationList;
			buildConfigurations = (
				8B129EF62BF78DA1005C866A /* Debug */,
				8B129EF72BF78DA1005C866A /* Release */,
			);
			defaultConfigurationIsVisible = 0;
			defaultConfigurationName = Release;
		};
/* End XCConfigurationList section */
	};
	rootObject = 8B129ED92BF78DA0005C866A /* Project object */;
}
